
Microsoft Visual Studio Solution File, Format Version 12.00
# Visual Studio Version 17
VisualStudioVersion = 17.6.33801.468
MinimumVisualStudioVersion = 10.0.40219.1
Project("{FAE04EC0-301F-11D3-BF4B-00C04F79EFBC}") = "EasyCashIdentityProject.EntityLayer", "EasyCashIdentityProject.EntityLayer\EasyCashIdentityProject.EntityLayer.csproj", "{9465D70D-A319-4EFD-BBA2-C53564F5C2BB}"
EndProject
Project("{FAE04EC0-301F-11D3-BF4B-00C04F79EFBC}") = "EasyCashIdentityProject.DataAccessLayer", "EasyCashIdentityProject.DataAccessLayer\EasyCashIdentityProject.DataAccessLayer.csproj", "{311FAB6B-EE72-40BB-8D3D-2CDB94B09123}"
EndProject
Global
	GlobalSection(SolutionConfigurationPlatforms) = preSolution
		Debug|Any CPU = Debug|Any CPU
		Release|Any CPU = Release|Any CPU
	EndGlobalSection
	GlobalSection(ProjectConfigurationPlatforms) = postSolution
		{9465D70D-A319-4EFD-BBA2-C53564F5C2BB}.Debug|Any CPU.ActiveCfg = Debug|Any CPU
		{9465D70D-A319-4EFD-BBA2-C53564F5C2BB}.Debug|Any CPU.Build.0 = Debug|Any CPU
		{9465D70D-A319-4EFD-BBA2-C53564F5C2BB}.Release|Any CPU.ActiveCfg = Release|Any CPU
		{9465D70D-A319-4EFD-BBA2-C53564F5C2BB}.Release|Any CPU.Build.0 = Release|Any CPU
		{311FAB6B-EE72-40BB-8D3D-2CDB94B09123}.Debug|Any CPU.ActiveCfg = Debug|Any CPU
		{311FAB6B-EE72-40BB-8D3D-2CDB94B09123}.Debug|Any CPU.Build.0 = Debug|Any CPU
		{311FAB6B-EE72-40BB-8D3D-2CDB94B09123}.Release|Any CPU.ActiveCfg = Release|Any CPU
		{311FAB6B-EE72-40BB-8D3D-2CDB94B09123}.Release|Any CPU.Build.0 = Release|Any CPU
	EndGlobalSection
	GlobalSection(SolutionProperties) = preSolution
		HideSolutionNode = FALSE
	EndGlobalSection
	GlobalSection(ExtensibilityGlobals) = postSolution
		SolutionGuid = {0DF2B8CE-59DB-414C-91F0-BEDDBCE6692A}
	EndGlobalSection
EndGlobal
